// !$*UTF8*$!
{
	archiveVersion = 1;
	classes = {
	};
	objectVersion = 50;
	objects = {

/* Begin PBXBuildFile section */
		AA00CD4C21F32FAE0046B9A4 /* Repository.swift in Sources */ = {isa = PBXBuildFile; fileRef = AA00CD4B21F32FAE0046B9A4 /* Repository.swift */; };
		AA00CD4E21F330D10046B9A4 /* Describable.swift in Sources */ = {isa = PBXBuildFile; fileRef = AA00CD4D21F330D10046B9A4 /* Describable.swift */; };
		AA00CD5021F3311F0046B9A4 /* UITableView+Extensions.swift in Sources */ = {isa = PBXBuildFile; fileRef = AA00CD4F21F3311F0046B9A4 /* UITableView+Extensions.swift */; };
		AA00CD5221F344D90046B9A4 /* RepositoryCellViewModel.swift in Sources */ = {isa = PBXBuildFile; fileRef = AA00CD5121F344D90046B9A4 /* RepositoryCellViewModel.swift */; };
		AA00CD5421F4CC650046B9A4 /* UITableViewCell+Extensions.swift in Sources */ = {isa = PBXBuildFile; fileRef = AA00CD5321F4CC650046B9A4 /* UITableViewCell+Extensions.swift */; };
		AA00CD5B21F86D080046B9A4 /* GitHub.swift in Sources */ = {isa = PBXBuildFile; fileRef = AA00CD5A21F86D080046B9A4 /* GitHub.swift */; };
		AA00CD5D21F876A30046B9A4 /* String+Extensions.swift in Sources */ = {isa = PBXBuildFile; fileRef = AA00CD5C21F876A30046B9A4 /* String+Extensions.swift */; };
		AA00CD5F21F87BDA0046B9A4 /* NetworkService.swift in Sources */ = {isa = PBXBuildFile; fileRef = AA00CD5E21F87BDA0046B9A4 /* NetworkService.swift */; };
		AA00CD6121F89FEF0046B9A4 /* RepositoryService.swift in Sources */ = {isa = PBXBuildFile; fileRef = AA00CD6021F89FEF0046B9A4 /* RepositoryService.swift */; };
		AA00CD6321F8A4420046B9A4 /* Owner.swift in Sources */ = {isa = PBXBuildFile; fileRef = AA00CD6221F8A4420046B9A4 /* Owner.swift */; };
		AA00CD6521F8A8DD0046B9A4 /* SearchResults.swift in Sources */ = {isa = PBXBuildFile; fileRef = AA00CD6421F8A8DD0046B9A4 /* SearchResults.swift */; };
		AA00CD6721FB63980046B9A4 /* Observable.swift in Sources */ = {isa = PBXBuildFile; fileRef = AA00CD6621FB63980046B9A4 /* Observable.swift */; };
		AAA8A9E721D4CCED004A7E89 /* AppDelegate.swift in Sources */ = {isa = PBXBuildFile; fileRef = AAA8A9E621D4CCED004A7E89 /* AppDelegate.swift */; };
		AAA8A9E921D4CCED004A7E89 /* SearchViewController.swift in Sources */ = {isa = PBXBuildFile; fileRef = AAA8A9E821D4CCED004A7E89 /* SearchViewController.swift */; };
		AAA8A9EE21D4CCF0004A7E89 /* Assets.xcassets in Resources */ = {isa = PBXBuildFile; fileRef = AAA8A9ED21D4CCF0004A7E89 /* Assets.xcassets */; };
		AAA8A9F121D4CCF0004A7E89 /* LaunchScreen.storyboard in Resources */ = {isa = PBXBuildFile; fileRef = AAA8A9EF21D4CCF0004A7E89 /* LaunchScreen.storyboard */; };
		AAC6353B21D4E22100A5E63C /* R.generated.swift in Sources */ = {isa = PBXBuildFile; fileRef = AAC6353A21D4E22100A5E63C /* R.generated.swift */; };
		AAC6355221D4EA5400A5E63C /* GitHubSearchTests.swift in Sources */ = {isa = PBXBuildFile; fileRef = AAC6355121D4EA5400A5E63C /* GitHubSearchTests.swift */; };
		AAC6356021D4EA7A00A5E63C /* GitHubSearchUITests.swift in Sources */ = {isa = PBXBuildFile; fileRef = AAC6355F21D4EA7A00A5E63C /* GitHubSearchUITests.swift */; };
		AAC6356821D4EC2000A5E63C /* .swiftlint.yml in Resources */ = {isa = PBXBuildFile; fileRef = AAC6356721D4EC2000A5E63C /* .swiftlint.yml */; };
		AAC6356D21D6057B00A5E63C /* RepositoryCell.swift in Sources */ = {isa = PBXBuildFile; fileRef = AAC6356B21D6057B00A5E63C /* RepositoryCell.swift */; };
		AAC6357621D6074E00A5E63C /* Localizable.strings in Resources */ = {isa = PBXBuildFile; fileRef = AAC6357821D6074E00A5E63C /* Localizable.strings */; };
		AACFDF5322035BC10057121B /* TabBarController.swift in Sources */ = {isa = PBXBuildFile; fileRef = AACFDF5222035BC10057121B /* TabBarController.swift */; };
		AACFDF5522035C850057121B /* TabBarViewModel.swift in Sources */ = {isa = PBXBuildFile; fileRef = AACFDF5422035C850057121B /* TabBarViewModel.swift */; };
		AACFDF5822035CAD0057121B /* FavoritesViewController.swift in Sources */ = {isa = PBXBuildFile; fileRef = AACFDF5722035CAD0057121B /* FavoritesViewController.swift */; };
		AACFDF5A22035CBA0057121B /* FavoritesViewModel.swift in Sources */ = {isa = PBXBuildFile; fileRef = AACFDF5922035CBA0057121B /* FavoritesViewModel.swift */; };
		AACFDF5C220437B10057121B /* TableViewDataSource.swift in Sources */ = {isa = PBXBuildFile; fileRef = AACFDF5B220437B10057121B /* TableViewDataSource.swift */; };
		AADED01C21D60B9B00CE305B /* Configs.swift in Sources */ = {isa = PBXBuildFile; fileRef = AADED01B21D60B9B00CE305B /* Configs.swift */; };
		AADED02421D61CDA00CE305B /* UIView+Extensions.swift in Sources */ = {isa = PBXBuildFile; fileRef = AADED02321D61CDA00CE305B /* UIView+Extensions.swift */; };
		AADED02A21D626FD00CE305B /* SearchViewModel.swift in Sources */ = {isa = PBXBuildFile; fileRef = AADED02921D626FD00CE305B /* SearchViewModel.swift */; };
		BEA582D79E863E8CE5015DA1 /* Pods_GitHubSearch.framework in Frameworks */ = {isa = PBXBuildFile; fileRef = 0607768084581CC687146969 /* Pods_GitHubSearch.framework */; };
/* End PBXBuildFile section */

/* Begin PBXContainerItemProxy section */
		AAC6355421D4EA5400A5E63C /* PBXContainerItemProxy */ = {
			isa = PBXContainerItemProxy;
			containerPortal = AAA8A9DB21D4CCED004A7E89 /* Project object */;
			proxyType = 1;
			remoteGlobalIDString = AAA8A9E221D4CCED004A7E89;
			remoteInfo = GitHubSearch;
		};
		AAC6356221D4EA7A00A5E63C /* PBXContainerItemProxy */ = {
			isa = PBXContainerItemProxy;
			containerPortal = AAA8A9DB21D4CCED004A7E89 /* Project object */;
			proxyType = 1;
			remoteGlobalIDString = AAA8A9E221D4CCED004A7E89;
			remoteInfo = GitHubSearch;
		};
/* End PBXContainerItemProxy section */

/* Begin PBXFileReference section */
		0607768084581CC687146969 /* Pods_GitHubSearch.framework */ = {isa = PBXFileReference; explicitFileType = wrapper.framework; includeInIndex = 0; path = Pods_GitHubSearch.framework; sourceTree = BUILT_PRODUCTS_DIR; };
		3694BF832C2DD7CB907A1B38 /* Pods-GitHubSearch.debug.xcconfig */ = {isa = PBXFileReference; includeInIndex = 1; lastKnownFileType = text.xcconfig; name = "Pods-GitHubSearch.debug.xcconfig"; path = "Pods/Target Support Files/Pods-GitHubSearch/Pods-GitHubSearch.debug.xcconfig"; sourceTree = "<group>"; };
		AA00CD4B21F32FAE0046B9A4 /* Repository.swift */ = {isa = PBXFileReference; lastKnownFileType = sourcecode.swift; path = Repository.swift; sourceTree = "<group>"; };
		AA00CD4D21F330D10046B9A4 /* Describable.swift */ = {isa = PBXFileReference; lastKnownFileType = sourcecode.swift; path = Describable.swift; sourceTree = "<group>"; };
		AA00CD4F21F3311F0046B9A4 /* UITableView+Extensions.swift */ = {isa = PBXFileReference; lastKnownFileType = sourcecode.swift; path = "UITableView+Extensions.swift"; sourceTree = "<group>"; };
		AA00CD5121F344D90046B9A4 /* RepositoryCellViewModel.swift */ = {isa = PBXFileReference; lastKnownFileType = sourcecode.swift; path = RepositoryCellViewModel.swift; sourceTree = "<group>"; };
		AA00CD5321F4CC650046B9A4 /* UITableViewCell+Extensions.swift */ = {isa = PBXFileReference; lastKnownFileType = sourcecode.swift; path = "UITableViewCell+Extensions.swift"; sourceTree = "<group>"; };
		AA00CD5A21F86D080046B9A4 /* GitHub.swift */ = {isa = PBXFileReference; lastKnownFileType = sourcecode.swift; path = GitHub.swift; sourceTree = "<group>"; };
		AA00CD5C21F876A30046B9A4 /* String+Extensions.swift */ = {isa = PBXFileReference; lastKnownFileType = sourcecode.swift; path = "String+Extensions.swift"; sourceTree = "<group>"; };
		AA00CD5E21F87BDA0046B9A4 /* NetworkService.swift */ = {isa = PBXFileReference; lastKnownFileType = sourcecode.swift; path = NetworkService.swift; sourceTree = "<group>"; };
		AA00CD6021F89FEF0046B9A4 /* RepositoryService.swift */ = {isa = PBXFileReference; lastKnownFileType = sourcecode.swift; path = RepositoryService.swift; sourceTree = "<group>"; };
		AA00CD6221F8A4420046B9A4 /* Owner.swift */ = {isa = PBXFileReference; lastKnownFileType = sourcecode.swift; path = Owner.swift; sourceTree = "<group>"; };
		AA00CD6421F8A8DD0046B9A4 /* SearchResults.swift */ = {isa = PBXFileReference; lastKnownFileType = sourcecode.swift; path = SearchResults.swift; sourceTree = "<group>"; };
		AA00CD6621FB63980046B9A4 /* Observable.swift */ = {isa = PBXFileReference; lastKnownFileType = sourcecode.swift; path = Observable.swift; sourceTree = "<group>"; };
		AAA8A9E321D4CCED004A7E89 /* GitHubSearch.app */ = {isa = PBXFileReference; explicitFileType = wrapper.application; includeInIndex = 0; path = GitHubSearch.app; sourceTree = BUILT_PRODUCTS_DIR; };
		AAA8A9E621D4CCED004A7E89 /* AppDelegate.swift */ = {isa = PBXFileReference; lastKnownFileType = sourcecode.swift; path = AppDelegate.swift; sourceTree = "<group>"; };
		AAA8A9E821D4CCED004A7E89 /* SearchViewController.swift */ = {isa = PBXFileReference; lastKnownFileType = sourcecode.swift; path = SearchViewController.swift; sourceTree = "<group>"; };
		AAA8A9ED21D4CCF0004A7E89 /* Assets.xcassets */ = {isa = PBXFileReference; lastKnownFileType = folder.assetcatalog; path = Assets.xcassets; sourceTree = "<group>"; };
		AAA8A9F021D4CCF0004A7E89 /* Base */ = {isa = PBXFileReference; lastKnownFileType = file.storyboard; name = Base; path = Base.lproj/LaunchScreen.storyboard; sourceTree = "<group>"; };
		AAA8A9F221D4CCF0004A7E89 /* Info.plist */ = {isa = PBXFileReference; lastKnownFileType = text.plist.xml; path = Info.plist; sourceTree = "<group>"; };
		AAC6353821D4DF6D00A5E63C /* ru */ = {isa = PBXFileReference; lastKnownFileType = text.plist.strings; name = ru; path = ru.lproj/LaunchScreen.strings; sourceTree = "<group>"; };
		AAC6353A21D4E22100A5E63C /* R.generated.swift */ = {isa = PBXFileReference; fileEncoding = 4; lastKnownFileType = sourcecode.swift; path = R.generated.swift; sourceTree = "<group>"; };
		AAC6354F21D4EA5400A5E63C /* GitHubSearchTests.xctest */ = {isa = PBXFileReference; explicitFileType = wrapper.cfbundle; includeInIndex = 0; path = GitHubSearchTests.xctest; sourceTree = BUILT_PRODUCTS_DIR; };
		AAC6355121D4EA5400A5E63C /* GitHubSearchTests.swift */ = {isa = PBXFileReference; lastKnownFileType = sourcecode.swift; path = GitHubSearchTests.swift; sourceTree = "<group>"; };
		AAC6355321D4EA5400A5E63C /* Info.plist */ = {isa = PBXFileReference; lastKnownFileType = text.plist.xml; path = Info.plist; sourceTree = "<group>"; };
		AAC6355D21D4EA7A00A5E63C /* GitHubSearchUITests.xctest */ = {isa = PBXFileReference; explicitFileType = wrapper.cfbundle; includeInIndex = 0; path = GitHubSearchUITests.xctest; sourceTree = BUILT_PRODUCTS_DIR; };
		AAC6355F21D4EA7A00A5E63C /* GitHubSearchUITests.swift */ = {isa = PBXFileReference; lastKnownFileType = sourcecode.swift; path = GitHubSearchUITests.swift; sourceTree = "<group>"; };
		AAC6356121D4EA7A00A5E63C /* Info.plist */ = {isa = PBXFileReference; lastKnownFileType = text.plist.xml; path = Info.plist; sourceTree = "<group>"; };
		AAC6356721D4EC2000A5E63C /* .swiftlint.yml */ = {isa = PBXFileReference; fileEncoding = 4; lastKnownFileType = text; path = .swiftlint.yml; sourceTree = SOURCE_ROOT; };
		AAC6356B21D6057B00A5E63C /* RepositoryCell.swift */ = {isa = PBXFileReference; lastKnownFileType = sourcecode.swift; path = RepositoryCell.swift; sourceTree = "<group>"; };
		AAC6357721D6074E00A5E63C /* en */ = {isa = PBXFileReference; lastKnownFileType = text.plist.strings; name = en; path = en.lproj/Localizable.strings; sourceTree = "<group>"; };
		AAC6357921D6075100A5E63C /* ru */ = {isa = PBXFileReference; lastKnownFileType = text.plist.strings; name = ru; path = ru.lproj/Localizable.strings; sourceTree = "<group>"; };
		AACFDF5222035BC10057121B /* TabBarController.swift */ = {isa = PBXFileReference; lastKnownFileType = sourcecode.swift; path = TabBarController.swift; sourceTree = "<group>"; };
		AACFDF5422035C850057121B /* TabBarViewModel.swift */ = {isa = PBXFileReference; lastKnownFileType = sourcecode.swift; path = TabBarViewModel.swift; sourceTree = "<group>"; };
		AACFDF5722035CAD0057121B /* FavoritesViewController.swift */ = {isa = PBXFileReference; lastKnownFileType = sourcecode.swift; path = FavoritesViewController.swift; sourceTree = "<group>"; };
		AACFDF5922035CBA0057121B /* FavoritesViewModel.swift */ = {isa = PBXFileReference; lastKnownFileType = sourcecode.swift; path = FavoritesViewModel.swift; sourceTree = "<group>"; };
		AACFDF5B220437B10057121B /* TableViewDataSource.swift */ = {isa = PBXFileReference; lastKnownFileType = sourcecode.swift; path = TableViewDataSource.swift; sourceTree = "<group>"; };
		AADED01B21D60B9B00CE305B /* Configs.swift */ = {isa = PBXFileReference; lastKnownFileType = sourcecode.swift; path = Configs.swift; sourceTree = "<group>"; };
		AADED02321D61CDA00CE305B /* UIView+Extensions.swift */ = {isa = PBXFileReference; lastKnownFileType = sourcecode.swift; path = "UIView+Extensions.swift"; sourceTree = "<group>"; };
		AADED02921D626FD00CE305B /* SearchViewModel.swift */ = {isa = PBXFileReference; lastKnownFileType = sourcecode.swift; path = SearchViewModel.swift; sourceTree = "<group>"; };
		C3805C6B43741B7DFC0A6237 /* Pods-GitHubSearch.release.xcconfig */ = {isa = PBXFileReference; includeInIndex = 1; lastKnownFileType = text.xcconfig; name = "Pods-GitHubSearch.release.xcconfig"; path = "Pods/Target Support Files/Pods-GitHubSearch/Pods-GitHubSearch.release.xcconfig"; sourceTree = "<group>"; };
/* End PBXFileReference section */

/* Begin PBXFrameworksBuildPhase section */
		AAA8A9E021D4CCED004A7E89 /* Frameworks */ = {
			isa = PBXFrameworksBuildPhase;
			buildActionMask = 2147483647;
			files = (
				BEA582D79E863E8CE5015DA1 /* Pods_GitHubSearch.framework in Frameworks */,
			);
			runOnlyForDeploymentPostprocessing = 0;
		};
		AAC6354C21D4EA5400A5E63C /* Frameworks */ = {
			isa = PBXFrameworksBuildPhase;
			buildActionMask = 2147483647;
			files = (
			);
			runOnlyForDeploymentPostprocessing = 0;
		};
		AAC6355A21D4EA7A00A5E63C /* Frameworks */ = {
			isa = PBXFrameworksBuildPhase;
			buildActionMask = 2147483647;
			files = (
			);
			runOnlyForDeploymentPostprocessing = 0;
		};
/* End PBXFrameworksBuildPhase section */

/* Begin PBXGroup section */
		AA00CD4A21F32F910046B9A4 /* Models */ = {
			isa = PBXGroup;
			children = (
				AA00CD4B21F32FAE0046B9A4 /* Repository.swift */,
				AA00CD6221F8A4420046B9A4 /* Owner.swift */,
				AA00CD6421F8A8DD0046B9A4 /* SearchResults.swift */,
				AA00CD6621FB63980046B9A4 /* Observable.swift */,
			);
			path = Models;
			sourceTree = "<group>";
		};
		AA00CD5921F86CEF0046B9A4 /* Networking */ = {
			isa = PBXGroup;
			children = (
				AA00CD5A21F86D080046B9A4 /* GitHub.swift */,
				AA00CD5E21F87BDA0046B9A4 /* NetworkService.swift */,
			);
			path = Networking;
			sourceTree = "<group>";
		};
		AAA8A9DA21D4CCED004A7E89 = {
			isa = PBXGroup;
			children = (
				AAA8A9E521D4CCED004A7E89 /* GitHubSearch */,
				AAC6355021D4EA5400A5E63C /* GitHubSearchTests */,
				AAC6355E21D4EA7A00A5E63C /* GitHubSearchUITests */,
				AAA8A9E421D4CCED004A7E89 /* Products */,
				DDC8459EE02F5D7C07035B2B /* Pods */,
				EC8867E1756AE4AFA552A030 /* Frameworks */,
			);
			sourceTree = "<group>";
		};
		AAA8A9E421D4CCED004A7E89 /* Products */ = {
			isa = PBXGroup;
			children = (
				AAA8A9E321D4CCED004A7E89 /* GitHubSearch.app */,
				AAC6354F21D4EA5400A5E63C /* GitHubSearchTests.xctest */,
				AAC6355D21D4EA7A00A5E63C /* GitHubSearchUITests.xctest */,
			);
			name = Products;
			sourceTree = "<group>";
		};
		AAA8A9E521D4CCED004A7E89 /* GitHubSearch */ = {
			isa = PBXGroup;
			children = (
				AAC6353221D4CE6B00A5E63C /* Modules */,
				AAC6353421D4CE7C00A5E63C /* Services */,
				AAC6353321D4CE7200A5E63C /* Extensions */,
				AA00CD4A21F32F910046B9A4 /* Models */,
				AAC6353721D4DECF00A5E63C /* Protocols */,
				AAC6353121D4CE5000A5E63C /* Resources */,
				AAC6352E21D4CDF600A5E63C /* Other */,
			);
			path = GitHubSearch;
			sourceTree = "<group>";
		};
		AAC6352E21D4CDF600A5E63C /* Other */ = {
			isa = PBXGroup;
			children = (
				AAC6352F21D4CE0400A5E63C /* App */,
				AAC6353021D4CE1500A5E63C /* Config */,
			);
			path = Other;
			sourceTree = "<group>";
		};
		AAC6352F21D4CE0400A5E63C /* App */ = {
			isa = PBXGroup;
			children = (
				AAA8A9E621D4CCED004A7E89 /* AppDelegate.swift */,
			);
			path = App;
			sourceTree = "<group>";
		};
		AAC6353021D4CE1500A5E63C /* Config */ = {
			isa = PBXGroup;
			children = (
				AADED01B21D60B9B00CE305B /* Configs.swift */,
				AAC6356721D4EC2000A5E63C /* .swiftlint.yml */,
				AAA8A9F221D4CCF0004A7E89 /* Info.plist */,
			);
			path = Config;
			sourceTree = "<group>";
		};
		AAC6353121D4CE5000A5E63C /* Resources */ = {
			isa = PBXGroup;
			children = (
				AAA8A9EF21D4CCF0004A7E89 /* LaunchScreen.storyboard */,
				AAA8A9ED21D4CCF0004A7E89 /* Assets.xcassets */,
				AAC6353A21D4E22100A5E63C /* R.generated.swift */,
				AAC6357821D6074E00A5E63C /* Localizable.strings */,
			);
			path = Resources;
			sourceTree = "<group>";
		};
		AAC6353221D4CE6B00A5E63C /* Modules */ = {
			isa = PBXGroup;
			children = (
				AAC6353521D4D00600A5E63C /* Cells */,
				AAC6353621D4D00C00A5E63C /* Controllers */,
				AAC6356F21D605AB00A5E63C /* Views */,
			);
			path = Modules;
			sourceTree = "<group>";
		};
		AAC6353321D4CE7200A5E63C /* Extensions */ = {
			isa = PBXGroup;
			children = (
				AADED02321D61CDA00CE305B /* UIView+Extensions.swift */,
				AA00CD4F21F3311F0046B9A4 /* UITableView+Extensions.swift */,
				AA00CD5321F4CC650046B9A4 /* UITableViewCell+Extensions.swift */,
				AA00CD5C21F876A30046B9A4 /* String+Extensions.swift */,
			);
			path = Extensions;
			sourceTree = "<group>";
		};
		AAC6353421D4CE7C00A5E63C /* Services */ = {
			isa = PBXGroup;
			children = (
				AA00CD5921F86CEF0046B9A4 /* Networking */,
				AA00CD6021F89FEF0046B9A4 /* RepositoryService.swift */,
				AACFDF5B220437B10057121B /* TableViewDataSource.swift */,
			);
			path = Services;
			sourceTree = "<group>";
		};
		AAC6353521D4D00600A5E63C /* Cells */ = {
			isa = PBXGroup;
			children = (
				AAC6356A21D6055600A5E63C /* RepositoryCell */,
			);
			path = Cells;
			sourceTree = "<group>";
		};
		AAC6353621D4D00C00A5E63C /* Controllers */ = {
			isa = PBXGroup;
			children = (
				AACFDF5122035B940057121B /* TabBar */,
				AAC6356921D50FD300A5E63C /* Search */,
				AACFDF5622035C980057121B /* Favorites */,
			);
			path = Controllers;
			sourceTree = "<group>";
		};
		AAC6353721D4DECF00A5E63C /* Protocols */ = {
			isa = PBXGroup;
			children = (
				AA00CD4D21F330D10046B9A4 /* Describable.swift */,
			);
			path = Protocols;
			sourceTree = "<group>";
		};
		AAC6355021D4EA5400A5E63C /* GitHubSearchTests */ = {
			isa = PBXGroup;
			children = (
				AAC6355121D4EA5400A5E63C /* GitHubSearchTests.swift */,
				AAC6355321D4EA5400A5E63C /* Info.plist */,
			);
			path = GitHubSearchTests;
			sourceTree = "<group>";
		};
		AAC6355E21D4EA7A00A5E63C /* GitHubSearchUITests */ = {
			isa = PBXGroup;
			children = (
				AAC6355F21D4EA7A00A5E63C /* GitHubSearchUITests.swift */,
				AAC6356121D4EA7A00A5E63C /* Info.plist */,
			);
			path = GitHubSearchUITests;
			sourceTree = "<group>";
		};
		AAC6356921D50FD300A5E63C /* Search */ = {
			isa = PBXGroup;
			children = (
				AAA8A9E821D4CCED004A7E89 /* SearchViewController.swift */,
				AADED02921D626FD00CE305B /* SearchViewModel.swift */,
			);
			path = Search;
			sourceTree = "<group>";
		};
		AAC6356A21D6055600A5E63C /* RepositoryCell */ = {
			isa = PBXGroup;
			children = (
				AAC6356B21D6057B00A5E63C /* RepositoryCell.swift */,
				AA00CD5121F344D90046B9A4 /* RepositoryCellViewModel.swift */,
			);
			path = RepositoryCell;
			sourceTree = "<group>";
		};
		AAC6356F21D605AB00A5E63C /* Views */ = {
			isa = PBXGroup;
			children = (
			);
			path = Views;
			sourceTree = "<group>";
		};
		AACFDF5122035B940057121B /* TabBar */ = {
			isa = PBXGroup;
			children = (
				AACFDF5222035BC10057121B /* TabBarController.swift */,
				AACFDF5422035C850057121B /* TabBarViewModel.swift */,
			);
			path = TabBar;
			sourceTree = "<group>";
		};
		AACFDF5622035C980057121B /* Favorites */ = {
			isa = PBXGroup;
			children = (
				AACFDF5722035CAD0057121B /* FavoritesViewController.swift */,
				AACFDF5922035CBA0057121B /* FavoritesViewModel.swift */,
			);
			path = Favorites;
			sourceTree = "<group>";
		};
		DDC8459EE02F5D7C07035B2B /* Pods */ = {
			isa = PBXGroup;
			children = (
				3694BF832C2DD7CB907A1B38 /* Pods-GitHubSearch.debug.xcconfig */,
				C3805C6B43741B7DFC0A6237 /* Pods-GitHubSearch.release.xcconfig */,
			);
			name = Pods;
			sourceTree = "<group>";
		};
		EC8867E1756AE4AFA552A030 /* Frameworks */ = {
			isa = PBXGroup;
			children = (
				0607768084581CC687146969 /* Pods_GitHubSearch.framework */,
			);
			name = Frameworks;
			sourceTree = "<group>";
		};
/* End PBXGroup section */

/* Begin PBXNativeTarget section */
		AAA8A9E221D4CCED004A7E89 /* GitHubSearch */ = {
			isa = PBXNativeTarget;
			buildConfigurationList = AAA8A9F521D4CCF0004A7E89 /* Build configuration list for PBXNativeTarget "GitHubSearch" */;
			buildPhases = (
				9A15F144E85E5CB3BF883742 /* [CP] Check Pods Manifest.lock */,
				AAC6353921D4E12B00A5E63C /* R.swift */,
				AAC6353C21D4E26400A5E63C /* SwiftLint */,
				AAA8A9DF21D4CCED004A7E89 /* Sources */,
				AAA8A9E021D4CCED004A7E89 /* Frameworks */,
				AAA8A9E121D4CCED004A7E89 /* Resources */,
				672044B8FA891127B91F9485 /* [CP] Embed Pods Frameworks */,
			);
			buildRules = (
			);
			dependencies = (
			);
			name = GitHubSearch;
			productName = GitHubSearch;
			productReference = AAA8A9E321D4CCED004A7E89 /* GitHubSearch.app */;
			productType = "com.apple.product-type.application";
		};
		AAC6354E21D4EA5400A5E63C /* GitHubSearchTests */ = {
			isa = PBXNativeTarget;
			buildConfigurationList = AAC6355621D4EA5500A5E63C /* Build configuration list for PBXNativeTarget "GitHubSearchTests" */;
			buildPhases = (
				AAC6354B21D4EA5400A5E63C /* Sources */,
				AAC6354C21D4EA5400A5E63C /* Frameworks */,
				AAC6354D21D4EA5400A5E63C /* Resources */,
			);
			buildRules = (
			);
			dependencies = (
				AAC6355521D4EA5400A5E63C /* PBXTargetDependency */,
			);
			name = GitHubSearchTests;
			productName = GitHubSearchTests;
			productReference = AAC6354F21D4EA5400A5E63C /* GitHubSearchTests.xctest */;
			productType = "com.apple.product-type.bundle.unit-test";
		};
		AAC6355C21D4EA7A00A5E63C /* GitHubSearchUITests */ = {
			isa = PBXNativeTarget;
			buildConfigurationList = AAC6356421D4EA7A00A5E63C /* Build configuration list for PBXNativeTarget "GitHubSearchUITests" */;
			buildPhases = (
				AAC6355921D4EA7A00A5E63C /* Sources */,
				AAC6355A21D4EA7A00A5E63C /* Frameworks */,
				AAC6355B21D4EA7A00A5E63C /* Resources */,
			);
			buildRules = (
			);
			dependencies = (
				AAC6356321D4EA7A00A5E63C /* PBXTargetDependency */,
			);
			name = GitHubSearchUITests;
			productName = GitHubSearchUITests;
			productReference = AAC6355D21D4EA7A00A5E63C /* GitHubSearchUITests.xctest */;
			productType = "com.apple.product-type.bundle.ui-testing";
		};
/* End PBXNativeTarget section */

/* Begin PBXProject section */
		AAA8A9DB21D4CCED004A7E89 /* Project object */ = {
			isa = PBXProject;
			attributes = {
				LastSwiftUpdateCheck = 1010;
				LastUpgradeCheck = 1010;
				ORGANIZATIONNAME = "Eugene Karambirov";
				TargetAttributes = {
					AAA8A9E221D4CCED004A7E89 = {
						CreatedOnToolsVersion = 10.1;
					};
					AAC6354E21D4EA5400A5E63C = {
						CreatedOnToolsVersion = 10.1;
						TestTargetID = AAA8A9E221D4CCED004A7E89;
					};
					AAC6355C21D4EA7A00A5E63C = {
						CreatedOnToolsVersion = 10.1;
						TestTargetID = AAA8A9E221D4CCED004A7E89;
					};
				};
			};
			buildConfigurationList = AAA8A9DE21D4CCED004A7E89 /* Build configuration list for PBXProject "GitHubSearch" */;
			compatibilityVersion = "Xcode 9.3";
			developmentRegion = en;
			hasScannedForEncodings = 0;
			knownRegions = (
				en,
				Base,
				ru,
			);
			mainGroup = AAA8A9DA21D4CCED004A7E89;
			productRefGroup = AAA8A9E421D4CCED004A7E89 /* Products */;
			projectDirPath = "";
			projectRoot = "";
			targets = (
				AAA8A9E221D4CCED004A7E89 /* GitHubSearch */,
				AAC6354E21D4EA5400A5E63C /* GitHubSearchTests */,
				AAC6355C21D4EA7A00A5E63C /* GitHubSearchUITests */,
			);
		};
/* End PBXProject section */

/* Begin PBXResourcesBuildPhase section */
		AAA8A9E121D4CCED004A7E89 /* Resources */ = {
			isa = PBXResourcesBuildPhase;
			buildActionMask = 2147483647;
			files = (
				AAC6357621D6074E00A5E63C /* Localizable.strings in Resources */,
				AAC6356821D4EC2000A5E63C /* .swiftlint.yml in Resources */,
				AAA8A9F121D4CCF0004A7E89 /* LaunchScreen.storyboard in Resources */,
				AAA8A9EE21D4CCF0004A7E89 /* Assets.xcassets in Resources */,
			);
			runOnlyForDeploymentPostprocessing = 0;
		};
		AAC6354D21D4EA5400A5E63C /* Resources */ = {
			isa = PBXResourcesBuildPhase;
			buildActionMask = 2147483647;
			files = (
			);
			runOnlyForDeploymentPostprocessing = 0;
		};
		AAC6355B21D4EA7A00A5E63C /* Resources */ = {
			isa = PBXResourcesBuildPhase;
			buildActionMask = 2147483647;
			files = (
			);
			runOnlyForDeploymentPostprocessing = 0;
		};
/* End PBXResourcesBuildPhase section */

/* Begin PBXShellScriptBuildPhase section */
		672044B8FA891127B91F9485 /* [CP] Embed Pods Frameworks */ = {
			isa = PBXShellScriptBuildPhase;
			buildActionMask = 2147483647;
			files = (
			);
			inputFileListPaths = (
			);
			inputPaths = (
				"${SRCROOT}/Pods/Target Support Files/Pods-GitHubSearch/Pods-GitHubSearch-frameworks.sh",
				"${BUILT_PRODUCTS_DIR}/Alamofire/Alamofire.framework",
				"${BUILT_PRODUCTS_DIR}/AlamofireNetworkActivityIndicator/AlamofireNetworkActivityIndicator.framework",
				"${BUILT_PRODUCTS_DIR}/AttributedLib/AttributedLib.framework",
				"${BUILT_PRODUCTS_DIR}/ChameleonFramework/ChameleonFramework.framework",
				"${BUILT_PRODUCTS_DIR}/DateToolsSwift/DateToolsSwift.framework",
				"${BUILT_PRODUCTS_DIR}/EmptyDataSet-Swift/EmptyDataSet_Swift.framework",
				"${BUILT_PRODUCTS_DIR}/KafkaRefresh/KafkaRefresh.framework",
				"${BUILT_PRODUCTS_DIR}/KeychainAccess/KeychainAccess.framework",
				"${BUILT_PRODUCTS_DIR}/Kingfisher/Kingfisher.framework",
				"${BUILT_PRODUCTS_DIR}/Localize-Swift/Localize_Swift.framework",
				"${BUILT_PRODUCTS_DIR}/Moya/Moya.framework",
				"${BUILT_PRODUCTS_DIR}/R.swift.Library/Rswift.framework",
				"${BUILT_PRODUCTS_DIR}/Result/Result.framework",
				"${BUILT_PRODUCTS_DIR}/SnapKit/SnapKit.framework",
				"${BUILT_PRODUCTS_DIR}/SwiftDate/SwiftDate.framework",
				"${BUILT_PRODUCTS_DIR}/SwifterSwift/SwifterSwift.framework",
			);
			name = "[CP] Embed Pods Frameworks";
			outputFileListPaths = (
			);
			outputPaths = (
				"${TARGET_BUILD_DIR}/${FRAMEWORKS_FOLDER_PATH}/Alamofire.framework",
				"${TARGET_BUILD_DIR}/${FRAMEWORKS_FOLDER_PATH}/AlamofireNetworkActivityIndicator.framework",
				"${TARGET_BUILD_DIR}/${FRAMEWORKS_FOLDER_PATH}/AttributedLib.framework",
				"${TARGET_BUILD_DIR}/${FRAMEWORKS_FOLDER_PATH}/ChameleonFramework.framework",
				"${TARGET_BUILD_DIR}/${FRAMEWORKS_FOLDER_PATH}/DateToolsSwift.framework",
				"${TARGET_BUILD_DIR}/${FRAMEWORKS_FOLDER_PATH}/EmptyDataSet_Swift.framework",
				"${TARGET_BUILD_DIR}/${FRAMEWORKS_FOLDER_PATH}/KafkaRefresh.framework",
				"${TARGET_BUILD_DIR}/${FRAMEWORKS_FOLDER_PATH}/KeychainAccess.framework",
				"${TARGET_BUILD_DIR}/${FRAMEWORKS_FOLDER_PATH}/Kingfisher.framework",
				"${TARGET_BUILD_DIR}/${FRAMEWORKS_FOLDER_PATH}/Localize_Swift.framework",
				"${TARGET_BUILD_DIR}/${FRAMEWORKS_FOLDER_PATH}/Moya.framework",
				"${TARGET_BUILD_DIR}/${FRAMEWORKS_FOLDER_PATH}/Rswift.framework",
				"${TARGET_BUILD_DIR}/${FRAMEWORKS_FOLDER_PATH}/Result.framework",
				"${TARGET_BUILD_DIR}/${FRAMEWORKS_FOLDER_PATH}/SnapKit.framework",
				"${TARGET_BUILD_DIR}/${FRAMEWORKS_FOLDER_PATH}/SwiftDate.framework",
				"${TARGET_BUILD_DIR}/${FRAMEWORKS_FOLDER_PATH}/SwifterSwift.framework",
			);
			runOnlyForDeploymentPostprocessing = 0;
			shellPath = /bin/sh;
			shellScript = "\"${SRCROOT}/Pods/Target Support Files/Pods-GitHubSearch/Pods-GitHubSearch-frameworks.sh\"\n";
			showEnvVarsInLog = 0;
		};
		9A15F144E85E5CB3BF883742 /* [CP] Check Pods Manifest.lock */ = {
			isa = PBXShellScriptBuildPhase;
			buildActionMask = 2147483647;
			files = (
			);
			inputFileListPaths = (
			);
			inputPaths = (
				"${PODS_PODFILE_DIR_PATH}/Podfile.lock",
				"${PODS_ROOT}/Manifest.lock",
			);
			name = "[CP] Check Pods Manifest.lock";
			outputFileListPaths = (
			);
			outputPaths = (
				"$(DERIVED_FILE_DIR)/Pods-GitHubSearch-checkManifestLockResult.txt",
			);
			runOnlyForDeploymentPostprocessing = 0;
			shellPath = /bin/sh;
			shellScript = "diff \"${PODS_PODFILE_DIR_PATH}/Podfile.lock\" \"${PODS_ROOT}/Manifest.lock\" > /dev/null\nif [ $? != 0 ] ; then\n    # print error to STDERR\n    echo \"error: The sandbox is not in sync with the Podfile.lock. Run 'pod install' or update your CocoaPods installation.\" >&2\n    exit 1\nfi\n# This output is used by Xcode 'outputs' to avoid re-running this script phase.\necho \"SUCCESS\" > \"${SCRIPT_OUTPUT_FILE_0}\"\n";
			showEnvVarsInLog = 0;
		};
		AAC6353921D4E12B00A5E63C /* R.swift */ = {
			isa = PBXShellScriptBuildPhase;
			buildActionMask = 2147483647;
			files = (
			);
			inputFileListPaths = (
			);
			inputPaths = (
				"$TEMP_DIR/rswift-lastrun",
			);
			name = R.swift;
			outputFileListPaths = (
			);
			outputPaths = (
				$SRCROOT/GitHubSearch/Resources/R.generated.swift,
			);
			runOnlyForDeploymentPostprocessing = 0;
			shellPath = /bin/sh;
			shellScript = "\"$PODS_ROOT/R.swift/rswift\" generate \"$SRCROOT/GitHubSearch/Resources/R.generated.swift\"\n";
		};
		AAC6353C21D4E26400A5E63C /* SwiftLint */ = {
			isa = PBXShellScriptBuildPhase;
			buildActionMask = 2147483647;
			files = (
			);
			inputFileListPaths = (
			);
			inputPaths = (
			);
			name = SwiftLint;
			outputFileListPaths = (
			);
			outputPaths = (
			);
			runOnlyForDeploymentPostprocessing = 0;
			shellPath = /bin/sh;
			shellScript = "${PODS_ROOT}/SwiftLint/swiftlint\n";
		};
/* End PBXShellScriptBuildPhase section */

/* Begin PBXSourcesBuildPhase section */
		AAA8A9DF21D4CCED004A7E89 /* Sources */ = {
			isa = PBXSourcesBuildPhase;
			buildActionMask = 2147483647;
			files = (
				AA00CD6721FB63980046B9A4 /* Observable.swift in Sources */,
				AA00CD5F21F87BDA0046B9A4 /* NetworkService.swift in Sources */,
				AAA8A9E921D4CCED004A7E89 /* SearchViewController.swift in Sources */,
				AAA8A9E721D4CCED004A7E89 /* AppDelegate.swift in Sources */,
				AA00CD6121F89FEF0046B9A4 /* RepositoryService.swift in Sources */,
				AA00CD5421F4CC650046B9A4 /* UITableViewCell+Extensions.swift in Sources */,
				AACFDF5822035CAD0057121B /* FavoritesViewController.swift in Sources */,
				AADED02421D61CDA00CE305B /* UIView+Extensions.swift in Sources */,
				AA00CD4C21F32FAE0046B9A4 /* Repository.swift in Sources */,
				AADED02A21D626FD00CE305B /* SearchViewModel.swift in Sources */,
				AA00CD5021F3311F0046B9A4 /* UITableView+Extensions.swift in Sources */,
				AA00CD5B21F86D080046B9A4 /* GitHub.swift in Sources */,
				AA00CD5D21F876A30046B9A4 /* String+Extensions.swift in Sources */,
				AAC6353B21D4E22100A5E63C /* R.generated.swift in Sources */,
				AACFDF5322035BC10057121B /* TabBarController.swift in Sources */,
				AA00CD5221F344D90046B9A4 /* RepositoryCellViewModel.swift in Sources */,
				AA00CD4E21F330D10046B9A4 /* Describable.swift in Sources */,
				AA00CD6321F8A4420046B9A4 /* Owner.swift in Sources */,
				AACFDF5C220437B10057121B /* TableViewDataSource.swift in Sources */,
				AAC6356D21D6057B00A5E63C /* RepositoryCell.swift in Sources */,
				AA00CD6521F8A8DD0046B9A4 /* SearchResults.swift in Sources */,
				AACFDF5A22035CBA0057121B /* FavoritesViewModel.swift in Sources */,
				AACFDF5522035C850057121B /* TabBarViewModel.swift in Sources */,
				AADED01C21D60B9B00CE305B /* Configs.swift in Sources */,
			);
			runOnlyForDeploymentPostprocessing = 0;
		};
		AAC6354B21D4EA5400A5E63C /* Sources */ = {
			isa = PBXSourcesBuildPhase;
			buildActionMask = 2147483647;
			files = (
				AAC6355221D4EA5400A5E63C /* GitHubSearchTests.swift in Sources */,
			);
			runOnlyForDeploymentPostprocessing = 0;
		};
		AAC6355921D4EA7A00A5E63C /* Sources */ = {
			isa = PBXSourcesBuildPhase;
			buildActionMask = 2147483647;
			files = (
				AAC6356021D4EA7A00A5E63C /* GitHubSearchUITests.swift in Sources */,
			);
			runOnlyForDeploymentPostprocessing = 0;
		};
/* End PBXSourcesBuildPhase section */

/* Begin PBXTargetDependency section */
		AAC6355521D4EA5400A5E63C /* PBXTargetDependency */ = {
			isa = PBXTargetDependency;
			target = AAA8A9E221D4CCED004A7E89 /* GitHubSearch */;
			targetProxy = AAC6355421D4EA5400A5E63C /* PBXContainerItemProxy */;
		};
		AAC6356321D4EA7A00A5E63C /* PBXTargetDependency */ = {
			isa = PBXTargetDependency;
			target = AAA8A9E221D4CCED004A7E89 /* GitHubSearch */;
			targetProxy = AAC6356221D4EA7A00A5E63C /* PBXContainerItemProxy */;
		};
/* End PBXTargetDependency section */

/* Begin PBXVariantGroup section */
		AAA8A9EF21D4CCF0004A7E89 /* LaunchScreen.storyboard */ = {
			isa = PBXVariantGroup;
			children = (
				AAA8A9F021D4CCF0004A7E89 /* Base */,
				AAC6353821D4DF6D00A5E63C /* ru */,
			);
			name = LaunchScreen.storyboard;
			sourceTree = "<group>";
		};
		AAC6357821D6074E00A5E63C /* Localizable.strings */ = {
			isa = PBXVariantGroup;
			children = (
				AAC6357721D6074E00A5E63C /* en */,
				AAC6357921D6075100A5E63C /* ru */,
			);
			name = Localizable.strings;
			sourceTree = "<group>";
		};
/* End PBXVariantGroup section */

/* Begin XCBuildConfiguration section */
		AAA8A9F321D4CCF0004A7E89 /* Debug */ = {
			isa = XCBuildConfiguration;
			buildSettings = {
				ALWAYS_SEARCH_USER_PATHS = NO;
				CLANG_ANALYZER_LOCALIZABILITY_NONLOCALIZED = YES;
				CLANG_ANALYZER_NONNULL = YES;
				CLANG_ANALYZER_NUMBER_OBJECT_CONVERSION = YES_AGGRESSIVE;
				CLANG_CXX_LANGUAGE_STANDARD = "gnu++14";
				CLANG_CXX_LIBRARY = "libc++";
				CLANG_ENABLE_MODULES = YES;
				CLANG_ENABLE_OBJC_ARC = YES;
				CLANG_ENABLE_OBJC_WEAK = YES;
				CLANG_WARN_BLOCK_CAPTURE_AUTORELEASING = YES;
				CLANG_WARN_BOOL_CONVERSION = YES;
				CLANG_WARN_COMMA = YES;
				CLANG_WARN_CONSTANT_CONVERSION = YES;
				CLANG_WARN_DEPRECATED_OBJC_IMPLEMENTATIONS = YES;
				CLANG_WARN_DIRECT_OBJC_ISA_USAGE = YES_ERROR;
				CLANG_WARN_DOCUMENTATION_COMMENTS = YES;
				CLANG_WARN_EMPTY_BODY = YES;
				CLANG_WARN_ENUM_CONVERSION = YES;
				CLANG_WARN_INFINITE_RECURSION = YES;
				CLANG_WARN_INT_CONVERSION = YES;
				CLANG_WARN_NON_LITERAL_NULL_CONVERSION = YES;
				CLANG_WARN_OBJC_IMPLICIT_RETAIN_SELF = YES;
				CLANG_WARN_OBJC_LITERAL_CONVERSION = YES;
				CLANG_WARN_OBJC_ROOT_CLASS = YES_ERROR;
				CLANG_WARN_RANGE_LOOP_ANALYSIS = YES;
				CLANG_WARN_STRICT_PROTOTYPES = YES;
				CLANG_WARN_SUSPICIOUS_MOVE = YES;
				CLANG_WARN_UNGUARDED_AVAILABILITY = YES_AGGRESSIVE;
				CLANG_WARN_UNREACHABLE_CODE = YES;
				CLANG_WARN__DUPLICATE_METHOD_MATCH = YES;
				CODE_SIGN_IDENTITY = "iPhone Developer";
				COPY_PHASE_STRIP = NO;
				DEBUG_INFORMATION_FORMAT = dwarf;
				ENABLE_STRICT_OBJC_MSGSEND = YES;
				ENABLE_TESTABILITY = YES;
				GCC_C_LANGUAGE_STANDARD = gnu11;
				GCC_DYNAMIC_NO_PIC = NO;
				GCC_NO_COMMON_BLOCKS = YES;
				GCC_OPTIMIZATION_LEVEL = 0;
				GCC_PREPROCESSOR_DEFINITIONS = (
					"DEBUG=1",
					"$(inherited)",
				);
				GCC_WARN_64_TO_32_BIT_CONVERSION = YES;
				GCC_WARN_ABOUT_RETURN_TYPE = YES_ERROR;
				GCC_WARN_UNDECLARED_SELECTOR = YES;
				GCC_WARN_UNINITIALIZED_AUTOS = YES_AGGRESSIVE;
				GCC_WARN_UNUSED_FUNCTION = YES;
				GCC_WARN_UNUSED_VARIABLE = YES;
				IPHONEOS_DEPLOYMENT_TARGET = 10.2;
				MTL_ENABLE_DEBUG_INFO = INCLUDE_SOURCE;
				MTL_FAST_MATH = YES;
				ONLY_ACTIVE_ARCH = YES;
				SDKROOT = iphoneos;
				SWIFT_ACTIVE_COMPILATION_CONDITIONS = DEBUG;
				SWIFT_OPTIMIZATION_LEVEL = "-Onone";
			};
			name = Debug;
		};
		AAA8A9F421D4CCF0004A7E89 /* Release */ = {
			isa = XCBuildConfiguration;
			buildSettings = {
				ALWAYS_SEARCH_USER_PATHS = NO;
				CLANG_ANALYZER_LOCALIZABILITY_NONLOCALIZED = YES;
				CLANG_ANALYZER_NONNULL = YES;
				CLANG_ANALYZER_NUMBER_OBJECT_CONVERSION = YES_AGGRESSIVE;
				CLANG_CXX_LANGUAGE_STANDARD = "gnu++14";
				CLANG_CXX_LIBRARY = "libc++";
				CLANG_ENABLE_MODULES = YES;
				CLANG_ENABLE_OBJC_ARC = YES;
				CLANG_ENABLE_OBJC_WEAK = YES;
				CLANG_WARN_BLOCK_CAPTURE_AUTORELEASING = YES;
				CLANG_WARN_BOOL_CONVERSION = YES;
				CLANG_WARN_COMMA = YES;
				CLANG_WARN_CONSTANT_CONVERSION = YES;
				CLANG_WARN_DEPRECATED_OBJC_IMPLEMENTATIONS = YES;
				CLANG_WARN_DIRECT_OBJC_ISA_USAGE = YES_ERROR;
				CLANG_WARN_DOCUMENTATION_COMMENTS = YES;
				CLANG_WARN_EMPTY_BODY = YES;
				CLANG_WARN_ENUM_CONVERSION = YES;
				CLANG_WARN_INFINITE_RECURSION = YES;
				CLANG_WARN_INT_CONVERSION = YES;
				CLANG_WARN_NON_LITERAL_NULL_CONVERSION = YES;
				CLANG_WARN_OBJC_IMPLICIT_RETAIN_SELF = YES;
				CLANG_WARN_OBJC_LITERAL_CONVERSION = YES;
				CLANG_WARN_OBJC_ROOT_CLASS = YES_ERROR;
				CLANG_WARN_RANGE_LOOP_ANALYSIS = YES;
				CLANG_WARN_STRICT_PROTOTYPES = YES;
				CLANG_WARN_SUSPICIOUS_MOVE = YES;
				CLANG_WARN_UNGUARDED_AVAILABILITY = YES_AGGRESSIVE;
				CLANG_WARN_UNREACHABLE_CODE = YES;
				CLANG_WARN__DUPLICATE_METHOD_MATCH = YES;
				CODE_SIGN_IDENTITY = "iPhone Developer";
				COPY_PHASE_STRIP = NO;
				DEBUG_INFORMATION_FORMAT = "dwarf-with-dsym";
				ENABLE_NS_ASSERTIONS = NO;
				ENABLE_STRICT_OBJC_MSGSEND = YES;
				GCC_C_LANGUAGE_STANDARD = gnu11;
				GCC_NO_COMMON_BLOCKS = YES;
				GCC_WARN_64_TO_32_BIT_CONVERSION = YES;
				GCC_WARN_ABOUT_RETURN_TYPE = YES_ERROR;
				GCC_WARN_UNDECLARED_SELECTOR = YES;
				GCC_WARN_UNINITIALIZED_AUTOS = YES_AGGRESSIVE;
				GCC_WARN_UNUSED_FUNCTION = YES;
				GCC_WARN_UNUSED_VARIABLE = YES;
				IPHONEOS_DEPLOYMENT_TARGET = 10.2;
				MTL_ENABLE_DEBUG_INFO = NO;
				MTL_FAST_MATH = YES;
				SDKROOT = iphoneos;
				SWIFT_COMPILATION_MODE = wholemodule;
				SWIFT_OPTIMIZATION_LEVEL = "-O";
				VALIDATE_PRODUCT = YES;
			};
			name = Release;
		};
		AAA8A9F621D4CCF0004A7E89 /* Debug */ = {
			isa = XCBuildConfiguration;
			baseConfigurationReference = 3694BF832C2DD7CB907A1B38 /* Pods-GitHubSearch.debug.xcconfig */;
			buildSettings = {
				ASSETCATALOG_COMPILER_APPICON_NAME = AppIcon;
				CODE_SIGN_STYLE = Automatic;
				DEVELOPMENT_TEAM = TDR3533VJS;
				INFOPLIST_FILE = "$(SRCROOT)/GitHubSearch/Other/Config/Info.plist";
				IPHONEOS_DEPLOYMENT_TARGET = 11.0;
				LD_RUNPATH_SEARCH_PATHS = (
					"$(inherited)",
					"@executable_path/Frameworks",
				);
				PRODUCT_BUNDLE_IDENTIFIER = ru.karambirov.GitHubSearch;
				PRODUCT_NAME = "$(TARGET_NAME)";
				SWIFT_VERSION = 4.2;
				TARGETED_DEVICE_FAMILY = "1,2";
			};
			name = Debug;
		};
		AAA8A9F721D4CCF0004A7E89 /* Release */ = {
			isa = XCBuildConfiguration;
			baseConfigurationReference = C3805C6B43741B7DFC0A6237 /* Pods-GitHubSearch.release.xcconfig */;
			buildSettings = {
				ASSETCATALOG_COMPILER_APPICON_NAME = AppIcon;
				CODE_SIGN_STYLE = Automatic;
				DEVELOPMENT_TEAM = TDR3533VJS;
				INFOPLIST_FILE = "$(SRCROOT)/GitHubSearch/Other/Config/Info.plist";
				IPHONEOS_DEPLOYMENT_TARGET = 11.0;
				LD_RUNPATH_SEARCH_PATHS = (
					"$(inherited)",
					"@executable_path/Frameworks",
				);
				PRODUCT_BUNDLE_IDENTIFIER = ru.karambirov.GitHubSearch;
				PRODUCT_NAME = "$(TARGET_NAME)";
				SWIFT_VERSION = 4.2;
				TARGETED_DEVICE_FAMILY = "1,2";
			};
			name = Release;
		};
		AAC6355721D4EA5500A5E63C /* Debug */ = {
			isa = XCBuildConfiguration;
			buildSettings = {
				BUNDLE_LOADER = "$(TEST_HOST)";
				CODE_SIGN_STYLE = Automatic;
				DEVELOPMENT_TEAM = TDR3533VJS;
				INFOPLIST_FILE = GitHubSearchTests/Info.plist;
				IPHONEOS_DEPLOYMENT_TARGET = 12.1;
				LD_RUNPATH_SEARCH_PATHS = (
					"$(inherited)",
					"@executable_path/Frameworks",
					"@loader_path/Frameworks",
				);
				PRODUCT_BUNDLE_IDENTIFIER = ru.karambirov.GitHubSearchTests;
				PRODUCT_NAME = "$(TARGET_NAME)";
				SWIFT_VERSION = 4.2;
				TARGETED_DEVICE_FAMILY = "1,2";
				TEST_HOST = "$(BUILT_PRODUCTS_DIR)/GitHubSearch.app/GitHubSearch";
			};
			name = Debug;
		};
		AAC6355821D4EA5500A5E63C /* Release */ = {
			isa = XCBuildConfiguration;
			buildSettings = {
				BUNDLE_LOADER = "$(TEST_HOST)";
				CODE_SIGN_STYLE = Automatic;
				DEVELOPMENT_TEAM = TDR3533VJS;
				INFOPLIST_FILE = GitHubSearchTests/Info.plist;
				IPHONEOS_DEPLOYMENT_TARGET = 12.1;
				LD_RUNPATH_SEARCH_PATHS = (
					"$(inherited)",
					"@executable_path/Frameworks",
					"@loader_path/Frameworks",
				);
				PRODUCT_BUNDLE_IDENTIFIER = ru.karambirov.GitHubSearchTests;
				PRODUCT_NAME = "$(TARGET_NAME)";
				SWIFT_VERSION = 4.2;
				TARGETED_DEVICE_FAMILY = "1,2";
				TEST_HOST = "$(BUILT_PRODUCTS_DIR)/GitHubSearch.app/GitHubSearch";
			};
			name = Release;
		};
		AAC6356521D4EA7A00A5E63C /* Debug */ = {
			isa = XCBuildConfiguration;
			buildSettings = {
				CODE_SIGN_STYLE = Automatic;
				DEVELOPMENT_TEAM = TDR3533VJS;
				INFOPLIST_FILE = GitHubSearchUITests/Info.plist;
				IPHONEOS_DEPLOYMENT_TARGET = 12.1;
				LD_RUNPATH_SEARCH_PATHS = (
					"$(inherited)",
					"@executable_path/Frameworks",
					"@loader_path/Frameworks",
				);
				PRODUCT_BUNDLE_IDENTIFIER = ru.karambirov.GitHubSearchUITests;
				PRODUCT_NAME = "$(TARGET_NAME)";
				SWIFT_VERSION = 4.2;
				TARGETED_DEVICE_FAMILY = "1,2";
				TEST_TARGET_NAME = GitHubSearch;
			};
			name = Debug;
		};
		AAC6356621D4EA7A00A5E63C /* Release */ = {
			isa = XCBuildConfiguration;
			buildSettings = {
				CODE_SIGN_STYLE = Automatic;
				DEVELOPMENT_TEAM = TDR3533VJS;
				INFOPLIST_FILE = GitHubSearchUITests/Info.plist;
				IPHONEOS_DEPLOYMENT_TARGET = 12.1;
				LD_RUNPATH_SEARCH_PATHS = (
					"$(inherited)",
					"@executable_path/Frameworks",
					"@loader_path/Frameworks",
				);
				PRODUCT_BUNDLE_IDENTIFIER = ru.karambirov.GitHubSearchUITests;
				PRODUCT_NAME = "$(TARGET_NAME)";
				SWIFT_VERSION = 4.2;
				TARGETED_DEVICE_FAMILY = "1,2";
				TEST_TARGET_NAME = GitHubSearch;
			};
			name = Release;
		};
/* End XCBuildConfiguration section */

/* Begin XCConfigurationList section */
		AAA8A9DE21D4CCED004A7E89 /* Build configuration list for PBXProject "GitHubSearch" */ = {
			isa = XCConfigurationList;
			buildConfigurations = (
				AAA8A9F321D4CCF0004A7E89 /* Debug */,
				AAA8A9F421D4CCF0004A7E89 /* Release */,
			);
			defaultConfigurationIsVisible = 0;
			defaultConfigurationName = Release;
		};
		AAA8A9F521D4CCF0004A7E89 /* Build configuration list for PBXNativeTarget "GitHubSearch" */ = {
			isa = XCConfigurationList;
			buildConfigurations = (
				AAA8A9F621D4CCF0004A7E89 /* Debug */,
				AAA8A9F721D4CCF0004A7E89 /* Release */,
			);
			defaultConfigurationIsVisible = 0;
			defaultConfigurationName = Release;
		};
		AAC6355621D4EA5500A5E63C /* Build configuration list for PBXNativeTarget "GitHubSearchTests" */ = {
			isa = XCConfigurationList;
			buildConfigurations = (
				AAC6355721D4EA5500A5E63C /* Debug */,
				AAC6355821D4EA5500A5E63C /* Release */,
			);
			defaultConfigurationIsVisible = 0;
			defaultConfigurationName = Release;
		};
		AAC6356421D4EA7A00A5E63C /* Build configuration list for PBXNativeTarget "GitHubSearchUITests" */ = {
			isa = XCConfigurationList;
			buildConfigurations = (
				AAC6356521D4EA7A00A5E63C /* Debug */,
				AAC6356621D4EA7A00A5E63C /* Release */,
			);
			defaultConfigurationIsVisible = 0;
			defaultConfigurationName = Release;
		};
/* End XCConfigurationList section */
	};
	rootObject = AAA8A9DB21D4CCED004A7E89 /* Project object */;
}
