// !$*UTF8*$!
{
	archiveVersion = 1;
	classes = {
	};
	objectVersion = 48;
	objects = {

/* Begin PBXBuildFile section */
		AA6385012046FDAA005AAD29 /* AppDelegate.swift in Sources */ = {isa = PBXBuildFile; fileRef = AA6385002046FDAA005AAD29 /* AppDelegate.swift */; };
		AA6385032046FDAA005AAD29 /* TabBarController.swift in Sources */ = {isa = PBXBuildFile; fileRef = AA6385022046FDAA005AAD29 /* TabBarController.swift */; };
		AA6385082046FDAA005AAD29 /* Assets.xcassets in Resources */ = {isa = PBXBuildFile; fileRef = AA6385072046FDAA005AAD29 /* Assets.xcassets */; };
		AA63850B2046FDAA005AAD29 /* LaunchScreen.storyboard in Resources */ = {isa = PBXBuildFile; fileRef = AA6385092046FDAA005AAD29 /* LaunchScreen.storyboard */; };
		AA63851620470166005AAD29 /* TabBarController.xib in Resources */ = {isa = PBXBuildFile; fileRef = AA63851520470166005AAD29 /* TabBarController.xib */; };
		AA63851B204705A7005AAD29 /* FavoritesViewController.swift in Sources */ = {isa = PBXBuildFile; fileRef = AA638519204705A7005AAD29 /* FavoritesViewController.swift */; };
		AA63851C204705A7005AAD29 /* FavoritesViewController.xib in Resources */ = {isa = PBXBuildFile; fileRef = AA63851A204705A7005AAD29 /* FavoritesViewController.xib */; };
		AA63851F204705D8005AAD29 /* SearchViewController.swift in Sources */ = {isa = PBXBuildFile; fileRef = AA63851D204705D8005AAD29 /* SearchViewController.swift */; };
		AA638520204705D8005AAD29 /* SearchViewController.xib in Resources */ = {isa = PBXBuildFile; fileRef = AA63851E204705D8005AAD29 /* SearchViewController.xib */; };
		AA6385252047DB36005AAD29 /* SearchResultCell.swift in Sources */ = {isa = PBXBuildFile; fileRef = AA6385232047DB36005AAD29 /* SearchResultCell.swift */; };
		AA6385282047DCFD005AAD29 /* SearchResultCell.xib in Resources */ = {isa = PBXBuildFile; fileRef = AA6385272047DCFD005AAD29 /* SearchResultCell.xib */; };
		AA63852B2047E87C005AAD29 /* UIViewController+Extensions.swift in Sources */ = {isa = PBXBuildFile; fileRef = AA63852A2047E87C005AAD29 /* UIViewController+Extensions.swift */; };
/* End PBXBuildFile section */

/* Begin PBXFileReference section */
		AA6384FD2046FDAA005AAD29 /* GitHubSearch.app */ = {isa = PBXFileReference; explicitFileType = wrapper.application; includeInIndex = 0; path = GitHubSearch.app; sourceTree = BUILT_PRODUCTS_DIR; };
		AA6385002046FDAA005AAD29 /* AppDelegate.swift */ = {isa = PBXFileReference; lastKnownFileType = sourcecode.swift; path = AppDelegate.swift; sourceTree = "<group>"; };
		AA6385022046FDAA005AAD29 /* TabBarController.swift */ = {isa = PBXFileReference; lastKnownFileType = sourcecode.swift; path = TabBarController.swift; sourceTree = "<group>"; };
		AA6385072046FDAA005AAD29 /* Assets.xcassets */ = {isa = PBXFileReference; lastKnownFileType = folder.assetcatalog; path = Assets.xcassets; sourceTree = "<group>"; };
		AA63850A2046FDAA005AAD29 /* Base */ = {isa = PBXFileReference; lastKnownFileType = file.storyboard; name = Base; path = Base.lproj/LaunchScreen.storyboard; sourceTree = "<group>"; };
		AA63850C2046FDAA005AAD29 /* Info.plist */ = {isa = PBXFileReference; lastKnownFileType = text.plist.xml; path = Info.plist; sourceTree = "<group>"; };
		AA63851520470166005AAD29 /* TabBarController.xib */ = {isa = PBXFileReference; lastKnownFileType = file.xib; path = TabBarController.xib; sourceTree = "<group>"; };
		AA638519204705A7005AAD29 /* FavoritesViewController.swift */ = {isa = PBXFileReference; lastKnownFileType = sourcecode.swift; path = FavoritesViewController.swift; sourceTree = "<group>"; };
		AA63851A204705A7005AAD29 /* FavoritesViewController.xib */ = {isa = PBXFileReference; lastKnownFileType = file.xib; path = FavoritesViewController.xib; sourceTree = "<group>"; };
		AA63851D204705D8005AAD29 /* SearchViewController.swift */ = {isa = PBXFileReference; lastKnownFileType = sourcecode.swift; path = SearchViewController.swift; sourceTree = "<group>"; };
		AA63851E204705D8005AAD29 /* SearchViewController.xib */ = {isa = PBXFileReference; lastKnownFileType = file.xib; path = SearchViewController.xib; sourceTree = "<group>"; };
		AA6385232047DB36005AAD29 /* SearchResultCell.swift */ = {isa = PBXFileReference; lastKnownFileType = sourcecode.swift; path = SearchResultCell.swift; sourceTree = "<group>"; };
		AA6385272047DCFD005AAD29 /* SearchResultCell.xib */ = {isa = PBXFileReference; fileEncoding = 4; lastKnownFileType = file.xib; path = SearchResultCell.xib; sourceTree = "<group>"; };
		AA63852A2047E87C005AAD29 /* UIViewController+Extensions.swift */ = {isa = PBXFileReference; lastKnownFileType = sourcecode.swift; path = "UIViewController+Extensions.swift"; sourceTree = "<group>"; };
/* End PBXFileReference section */

/* Begin PBXFrameworksBuildPhase section */
		AA6384FA2046FDAA005AAD29 /* Frameworks */ = {
			isa = PBXFrameworksBuildPhase;
			buildActionMask = 2147483647;
			files = (
			);
			runOnlyForDeploymentPostprocessing = 0;
		};
/* End PBXFrameworksBuildPhase section */

/* Begin PBXGroup section */
		AA6384F42046FDAA005AAD29 = {
			isa = PBXGroup;
			children = (
				AA6384FF2046FDAA005AAD29 /* GitHubSearch */,
				AA6384FE2046FDAA005AAD29 /* Products */,
			);
			sourceTree = "<group>";
		};
		AA6384FE2046FDAA005AAD29 /* Products */ = {
			isa = PBXGroup;
			children = (
				AA6384FD2046FDAA005AAD29 /* GitHubSearch.app */,
			);
			name = Products;
			sourceTree = "<group>";
		};
		AA6384FF2046FDAA005AAD29 /* GitHubSearch */ = {
			isa = PBXGroup;
			children = (
				AA6385002046FDAA005AAD29 /* AppDelegate.swift */,
				AA6385212047D889005AAD29 /* Cells */,
				AA6385132046FFE2005AAD29 /* Controllers */,
				AA6385292047E851005AAD29 /* Extensions */,
				AA63850C2046FDAA005AAD29 /* Info.plist */,
				AA6385142046FFF4005AAD29 /* Supporting Files */,
			);
			path = GitHubSearch;
			sourceTree = "<group>";
		};
		AA6385122046FFD6005AAD29 /* TabBar */ = {
			isa = PBXGroup;
			children = (
				AA6385022046FDAA005AAD29 /* TabBarController.swift */,
				AA63851520470166005AAD29 /* TabBarController.xib */,
			);
			path = TabBar;
			sourceTree = "<group>";
		};
		AA6385132046FFE2005AAD29 /* Controllers */ = {
			isa = PBXGroup;
			children = (
				AA63851820470542005AAD29 /* Favorites */,
				AA63851720470536005AAD29 /* Search */,
				AA6385122046FFD6005AAD29 /* TabBar */,
			);
			path = Controllers;
			sourceTree = "<group>";
		};
		AA6385142046FFF4005AAD29 /* Supporting Files */ = {
			isa = PBXGroup;
			children = (
				AA6385072046FDAA005AAD29 /* Assets.xcassets */,
				AA6385092046FDAA005AAD29 /* LaunchScreen.storyboard */,
			);
			path = "Supporting Files";
			sourceTree = "<group>";
		};
		AA63851720470536005AAD29 /* Search */ = {
			isa = PBXGroup;
			children = (
				AA63851D204705D8005AAD29 /* SearchViewController.swift */,
				AA63851E204705D8005AAD29 /* SearchViewController.xib */,
			);
			path = Search;
			sourceTree = "<group>";
		};
		AA63851820470542005AAD29 /* Favorites */ = {
			isa = PBXGroup;
			children = (
				AA638519204705A7005AAD29 /* FavoritesViewController.swift */,
				AA63851A204705A7005AAD29 /* FavoritesViewController.xib */,
			);
			path = Favorites;
			sourceTree = "<group>";
		};
		AA6385212047D889005AAD29 /* Cells */ = {
			isa = PBXGroup;
			children = (
				AA6385222047DB1B005AAD29 /* SearchResultCell */,
			);
			path = Cells;
			sourceTree = "<group>";
		};
		AA6385222047DB1B005AAD29 /* SearchResultCell */ = {
			isa = PBXGroup;
			children = (
				AA6385232047DB36005AAD29 /* SearchResultCell.swift */,
				AA6385272047DCFD005AAD29 /* SearchResultCell.xib */,
			);
			path = SearchResultCell;
			sourceTree = "<group>";
		};
		AA6385292047E851005AAD29 /* Extensions */ = {
			isa = PBXGroup;
			children = (
				AA63852A2047E87C005AAD29 /* UIViewController+Extensions.swift */,
			);
			path = Extensions;
			sourceTree = "<group>";
		};
/* End PBXGroup section */

/* Begin PBXNativeTarget section */
		AA6384FC2046FDAA005AAD29 /* GitHubSearch */ = {
			isa = PBXNativeTarget;
			buildConfigurationList = AA63850F2046FDAA005AAD29 /* Build configuration list for PBXNativeTarget "GitHubSearch" */;
			buildPhases = (
				AA6384F92046FDAA005AAD29 /* Sources */,
				AA6384FA2046FDAA005AAD29 /* Frameworks */,
				AA6384FB2046FDAA005AAD29 /* Resources */,
			);
			buildRules = (
			);
			dependencies = (
			);
			name = GitHubSearch;
			productName = GitHubSearch;
			productReference = AA6384FD2046FDAA005AAD29 /* GitHubSearch.app */;
			productType = "com.apple.product-type.application";
		};
/* End PBXNativeTarget section */

/* Begin PBXProject section */
		AA6384F52046FDAA005AAD29 /* Project object */ = {
			isa = PBXProject;
			attributes = {
				LastSwiftUpdateCheck = 0920;
				LastUpgradeCheck = 0920;
				ORGANIZATIONNAME = "Eugene Karambirov";
				TargetAttributes = {
					AA6384FC2046FDAA005AAD29 = {
						CreatedOnToolsVersion = 9.2;
						ProvisioningStyle = Automatic;
					};
				};
			};
			buildConfigurationList = AA6384F82046FDAA005AAD29 /* Build configuration list for PBXProject "GitHubSearch" */;
			compatibilityVersion = "Xcode 8.0";
			developmentRegion = en;
			hasScannedForEncodings = 0;
			knownRegions = (
				en,
				Base,
			);
			mainGroup = AA6384F42046FDAA005AAD29;
			productRefGroup = AA6384FE2046FDAA005AAD29 /* Products */;
			projectDirPath = "";
			projectRoot = "";
			targets = (
				AA6384FC2046FDAA005AAD29 /* GitHubSearch */,
			);
		};
/* End PBXProject section */

/* Begin PBXResourcesBuildPhase section */
		AA6384FB2046FDAA005AAD29 /* Resources */ = {
			isa = PBXResourcesBuildPhase;
			buildActionMask = 2147483647;
			files = (
				AA63850B2046FDAA005AAD29 /* LaunchScreen.storyboard in Resources */,
				AA63851620470166005AAD29 /* TabBarController.xib in Resources */,
				AA63851C204705A7005AAD29 /* FavoritesViewController.xib in Resources */,
				AA638520204705D8005AAD29 /* SearchViewController.xib in Resources */,
				AA6385282047DCFD005AAD29 /* SearchResultCell.xib in Resources */,
				AA6385082046FDAA005AAD29 /* Assets.xcassets in Resources */,
			);
			runOnlyForDeploymentPostprocessing = 0;
		};
/* End PBXResourcesBuildPhase section */

/* Begin PBXSourcesBuildPhase section */
		AA6384F92046FDAA005AAD29 /* Sources */ = {
			isa = PBXSourcesBuildPhase;
			buildActionMask = 2147483647;
			files = (
				AA6385032046FDAA005AAD29 /* TabBarController.swift in Sources */,
				AA63851B204705A7005AAD29 /* FavoritesViewController.swift in Sources */,
				AA63851F204705D8005AAD29 /* SearchViewController.swift in Sources */,
				AA6385012046FDAA005AAD29 /* AppDelegate.swift in Sources */,
				AA63852B2047E87C005AAD29 /* UIViewController+Extensions.swift in Sources */,
				AA6385252047DB36005AAD29 /* SearchResultCell.swift in Sources */,
			);
			runOnlyForDeploymentPostprocessing = 0;
		};
/* End PBXSourcesBuildPhase section */

/* Begin PBXVariantGroup section */
		AA6385092046FDAA005AAD29 /* LaunchScreen.storyboard */ = {
			isa = PBXVariantGroup;
			children = (
				AA63850A2046FDAA005AAD29 /* Base */,
			);
			name = LaunchScreen.storyboard;
			sourceTree = "<group>";
		};
/* End PBXVariantGroup section */

/* Begin XCBuildConfiguration section */
		AA63850D2046FDAA005AAD29 /* Debug */ = {
			isa = XCBuildConfiguration;
			buildSettings = {
				ALWAYS_SEARCH_USER_PATHS = NO;
				CLANG_ANALYZER_NONNULL = YES;
				CLANG_ANALYZER_NUMBER_OBJECT_CONVERSION = YES_AGGRESSIVE;
				CLANG_CXX_LANGUAGE_STANDARD = "gnu++14";
				CLANG_CXX_LIBRARY = "libc++";
				CLANG_ENABLE_MODULES = YES;
				CLANG_ENABLE_OBJC_ARC = YES;
				CLANG_WARN_BLOCK_CAPTURE_AUTORELEASING = YES;
				CLANG_WARN_BOOL_CONVERSION = YES;
				CLANG_WARN_COMMA = YES;
				CLANG_WARN_CONSTANT_CONVERSION = YES;
				CLANG_WARN_DIRECT_OBJC_ISA_USAGE = YES_ERROR;
				CLANG_WARN_DOCUMENTATION_COMMENTS = YES;
				CLANG_WARN_EMPTY_BODY = YES;
				CLANG_WARN_ENUM_CONVERSION = YES;
				CLANG_WARN_INFINITE_RECURSION = YES;
				CLANG_WARN_INT_CONVERSION = YES;
				CLANG_WARN_NON_LITERAL_NULL_CONVERSION = YES;
				CLANG_WARN_OBJC_LITERAL_CONVERSION = YES;
				CLANG_WARN_OBJC_ROOT_CLASS = YES_ERROR;
				CLANG_WARN_RANGE_LOOP_ANALYSIS = YES;
				CLANG_WARN_STRICT_PROTOTYPES = YES;
				CLANG_WARN_SUSPICIOUS_MOVE = YES;
				CLANG_WARN_UNGUARDED_AVAILABILITY = YES_AGGRESSIVE;
				CLANG_WARN_UNREACHABLE_CODE = YES;
				CLANG_WARN__DUPLICATE_METHOD_MATCH = YES;
				CODE_SIGN_IDENTITY = "iPhone Developer";
				COPY_PHASE_STRIP = NO;
				DEBUG_INFORMATION_FORMAT = dwarf;
				ENABLE_STRICT_OBJC_MSGSEND = YES;
				ENABLE_TESTABILITY = YES;
				GCC_C_LANGUAGE_STANDARD = gnu11;
				GCC_DYNAMIC_NO_PIC = NO;
				GCC_NO_COMMON_BLOCKS = YES;
				GCC_OPTIMIZATION_LEVEL = 0;
				GCC_PREPROCESSOR_DEFINITIONS = (
					"DEBUG=1",
					"$(inherited)",
				);
				GCC_WARN_64_TO_32_BIT_CONVERSION = YES;
				GCC_WARN_ABOUT_RETURN_TYPE = YES_ERROR;
				GCC_WARN_UNDECLARED_SELECTOR = YES;
				GCC_WARN_UNINITIALIZED_AUTOS = YES_AGGRESSIVE;
				GCC_WARN_UNUSED_FUNCTION = YES;
				GCC_WARN_UNUSED_VARIABLE = YES;
				IPHONEOS_DEPLOYMENT_TARGET = 11.2;
				MTL_ENABLE_DEBUG_INFO = YES;
				ONLY_ACTIVE_ARCH = YES;
				SDKROOT = iphoneos;
				SWIFT_ACTIVE_COMPILATION_CONDITIONS = DEBUG;
				SWIFT_OPTIMIZATION_LEVEL = "-Onone";
			};
			name = Debug;
		};
		AA63850E2046FDAA005AAD29 /* Release */ = {
			isa = XCBuildConfiguration;
			buildSettings = {
				ALWAYS_SEARCH_USER_PATHS = NO;
				CLANG_ANALYZER_NONNULL = YES;
				CLANG_ANALYZER_NUMBER_OBJECT_CONVERSION = YES_AGGRESSIVE;
				CLANG_CXX_LANGUAGE_STANDARD = "gnu++14";
				CLANG_CXX_LIBRARY = "libc++";
				CLANG_ENABLE_MODULES = YES;
				CLANG_ENABLE_OBJC_ARC = YES;
				CLANG_WARN_BLOCK_CAPTURE_AUTORELEASING = YES;
				CLANG_WARN_BOOL_CONVERSION = YES;
				CLANG_WARN_COMMA = YES;
				CLANG_WARN_CONSTANT_CONVERSION = YES;
				CLANG_WARN_DIRECT_OBJC_ISA_USAGE = YES_ERROR;
				CLANG_WARN_DOCUMENTATION_COMMENTS = YES;
				CLANG_WARN_EMPTY_BODY = YES;
				CLANG_WARN_ENUM_CONVERSION = YES;
				CLANG_WARN_INFINITE_RECURSION = YES;
				CLANG_WARN_INT_CONVERSION = YES;
				CLANG_WARN_NON_LITERAL_NULL_CONVERSION = YES;
				CLANG_WARN_OBJC_LITERAL_CONVERSION = YES;
				CLANG_WARN_OBJC_ROOT_CLASS = YES_ERROR;
				CLANG_WARN_RANGE_LOOP_ANALYSIS = YES;
				CLANG_WARN_STRICT_PROTOTYPES = YES;
				CLANG_WARN_SUSPICIOUS_MOVE = YES;
				CLANG_WARN_UNGUARDED_AVAILABILITY = YES_AGGRESSIVE;
				CLANG_WARN_UNREACHABLE_CODE = YES;
				CLANG_WARN__DUPLICATE_METHOD_MATCH = YES;
				CODE_SIGN_IDENTITY = "iPhone Developer";
				COPY_PHASE_STRIP = NO;
				DEBUG_INFORMATION_FORMAT = "dwarf-with-dsym";
				ENABLE_NS_ASSERTIONS = NO;
				ENABLE_STRICT_OBJC_MSGSEND = YES;
				GCC_C_LANGUAGE_STANDARD = gnu11;
				GCC_NO_COMMON_BLOCKS = YES;
				GCC_WARN_64_TO_32_BIT_CONVERSION = YES;
				GCC_WARN_ABOUT_RETURN_TYPE = YES_ERROR;
				GCC_WARN_UNDECLARED_SELECTOR = YES;
				GCC_WARN_UNINITIALIZED_AUTOS = YES_AGGRESSIVE;
				GCC_WARN_UNUSED_FUNCTION = YES;
				GCC_WARN_UNUSED_VARIABLE = YES;
				IPHONEOS_DEPLOYMENT_TARGET = 11.2;
				MTL_ENABLE_DEBUG_INFO = NO;
				SDKROOT = iphoneos;
				SWIFT_OPTIMIZATION_LEVEL = "-Owholemodule";
				VALIDATE_PRODUCT = YES;
			};
			name = Release;
		};
		AA6385102046FDAA005AAD29 /* Debug */ = {
			isa = XCBuildConfiguration;
			buildSettings = {
				ASSETCATALOG_COMPILER_APPICON_NAME = AppIcon;
				CODE_SIGN_STYLE = Automatic;
				DEVELOPMENT_TEAM = TDR3533VJS;
				INFOPLIST_FILE = GitHubSearch/Info.plist;
				LD_RUNPATH_SEARCH_PATHS = "$(inherited) @executable_path/Frameworks";
				PRODUCT_BUNDLE_IDENTIFIER = ru.karambirov.GitHubSearch;
				PRODUCT_NAME = "$(TARGET_NAME)";
				SWIFT_VERSION = 4.0;
				TARGETED_DEVICE_FAMILY = "1,2";
			};
			name = Debug;
		};
		AA6385112046FDAA005AAD29 /* Release */ = {
			isa = XCBuildConfiguration;
			buildSettings = {
				ASSETCATALOG_COMPILER_APPICON_NAME = AppIcon;
				CODE_SIGN_STYLE = Automatic;
				DEVELOPMENT_TEAM = TDR3533VJS;
				INFOPLIST_FILE = GitHubSearch/Info.plist;
				LD_RUNPATH_SEARCH_PATHS = "$(inherited) @executable_path/Frameworks";
				PRODUCT_BUNDLE_IDENTIFIER = ru.karambirov.GitHubSearch;
				PRODUCT_NAME = "$(TARGET_NAME)";
				SWIFT_VERSION = 4.0;
				TARGETED_DEVICE_FAMILY = "1,2";
			};
			name = Release;
		};
/* End XCBuildConfiguration section */

/* Begin XCConfigurationList section */
		AA6384F82046FDAA005AAD29 /* Build configuration list for PBXProject "GitHubSearch" */ = {
			isa = XCConfigurationList;
			buildConfigurations = (
				AA63850D2046FDAA005AAD29 /* Debug */,
				AA63850E2046FDAA005AAD29 /* Release */,
			);
			defaultConfigurationIsVisible = 0;
			defaultConfigurationName = Release;
		};
		AA63850F2046FDAA005AAD29 /* Build configuration list for PBXNativeTarget "GitHubSearch" */ = {
			isa = XCConfigurationList;
			buildConfigurations = (
				AA6385102046FDAA005AAD29 /* Debug */,
				AA6385112046FDAA005AAD29 /* Release */,
			);
			defaultConfigurationIsVisible = 0;
			defaultConfigurationName = Release;
		};
/* End XCConfigurationList section */
	};
	rootObject = AA6384F52046FDAA005AAD29 /* Project object */;
}
